
Microsoft Visual Studio Solution File, Format Version 12.00
# Visual Studio Version 17
VisualStudioVersion = 17.2.32317.152
MinimumVisualStudioVersion = 10.0.40219.1
Project("{9A19103F-16F7-4668-BE54-9A1E7A4F7556}") = "TurnOffDispCs", "TurnOffDispCs\TurnOffDispCs.csproj", "{DB217DAF-EC25-43FC-8082-89CD2A0304A9}"
EndProject
Global
	GlobalSection(SolutionConfigurationPlatforms) = preSolution
		Debug|Any CPU = Debug|Any CPU
		Debug|x64 = Debug|x64
		Debug|x86 = Debug|x86
		Release|Any CPU = Release|Any CPU
		Release|x64 = Release|x64
		Release|x86 = Release|x86
	EndGlobalSection
	GlobalSection(ProjectConfigurationPlatforms) = postSolution
		{DB217DAF-EC25-43FC-8082-89CD2A0304A9}.Debug|Any CPU.ActiveCfg = Debug|Any CPU
		{DB217DAF-EC25-43FC-8082-89CD2A0304A9}.Debug|Any CPU.Build.0 = Debug|Any CPU
		{DB217DAF-EC25-43FC-8082-89CD2A0304A9}.Debug|x64.ActiveCfg = Debug|x64
		{DB217DAF-EC25-43FC-8082-89CD2A0304A9}.Debug|x64.Build.0 = Debug|x64
		{DB217DAF-EC25-43FC-8082-89CD2A0304A9}.Debug|x86.ActiveCfg = Debug|x86
		{DB217DAF-EC25-43FC-8082-89CD2A0304A9}.Debug|x86.Build.0 = Debug|x86
		{DB217DAF-EC25-43FC-8082-89CD2A0304A9}.Release|Any CPU.ActiveCfg = Release|Any CPU
		{DB217DAF-EC25-43FC-8082-89CD2A0304A9}.Release|Any CPU.Build.0 = Release|Any CPU
		{DB217DAF-EC25-43FC-8082-89CD2A0304A9}.Release|x64.ActiveCfg = Release|x64
		{DB217DAF-EC25-43FC-8082-89CD2A0304A9}.Release|x64.Build.0 = Release|x64
		{DB217DAF-EC25-43FC-8082-89CD2A0304A9}.Release|x86.ActiveCfg = Release|x86
		{DB217DAF-EC25-43FC-8082-89CD2A0304A9}.Release|x86.Build.0 = Release|x86
	EndGlobalSection
	GlobalSection(SolutionProperties) = preSolution
		HideSolutionNode = FALSE
	EndGlobalSection
	GlobalSection(ExtensibilityGlobals) = postSolution
		SolutionGuid = {A215E48A-D51E-40F6-9A71-3183BFE3B5EE}
	EndGlobalSection
EndGlobal
